Microsoft Visual Studio Solution File, Format Version 12.00
# Visual Studio Version 17
VisualStudioVersion = 17.5.2.0
MinimumVisualStudioVersion = 10.0.40219.1
Project("{FAE04EC0-301F-11D3-BF4B-00C04F79EFBC}") = "Elastic.Kibana.Serilog", "Elastic.Kibana.Serilog\Elastic.Kibana.Serilog.csproj", "{C8BA039C-BCE4-F872-57B8-76BD44A40818}"
EndProject
Project("{2150E333-8FDC-42A3-9474-1A3956D46DE8}") = "SolutionItems", "SolutionItems", "{9F85039B-F194-43BB-B285-C7CFD9B2D331}"
	ProjectSection(SolutionItems) = preProject
		docker\docker-compose.yml = docker\docker-compose.yml
		README.MD = README.MD
	EndProjectSection
EndProject
Global
	GlobalSection(SolutionConfigurationPlatforms) = preSolution
		Debug|Any CPU = Debug|Any CPU
		Release|Any CPU = Release|Any CPU
	EndGlobalSection
	GlobalSection(ProjectConfigurationPlatforms) = postSolution
		{C8BA039C-BCE4-F872-57B8-76BD44A40818}.Debug|Any CPU.ActiveCfg = Debug|Any CPU
		{C8BA039C-BCE4-F872-57B8-76BD44A40818}.Debug|Any CPU.Build.0 = Debug|Any CPU
		{C8BA039C-BCE4-F872-57B8-76BD44A40818}.Release|Any CPU.ActiveCfg = Release|Any CPU
		{C8BA039C-BCE4-F872-57B8-76BD44A40818}.Release|Any CPU.Build.0 = Release|Any CPU
	EndGlobalSection
	GlobalSection(SolutionProperties) = preSolution
		HideSolutionNode = FALSE
	EndGlobalSection
	GlobalSection(ExtensibilityGlobals) = postSolution
		SolutionGuid = {0E15E7FD-7064-4FC3-A010-F508B2A85BF8}
	EndGlobalSection
EndGlobal
